
Microsoft Visual Studio Solution File, Format Version 12.00
# Visual Studio Version 17
VisualStudioVersion = 17.4.33403.182
MinimumVisualStudioVersion = 10.0.40219.1
Project("{FAE04EC0-301F-11D3-BF4B-00C04F79EFBC}") = "Level_2_vetor", "Level_2_vetor\Level_2_vetor.csproj", "{8DD0165C-1054-4520-971A-CE8AF61DC61F}"
EndProject
Global
	GlobalSection(SolutionConfigurationPlatforms) = preSolution
		Debug|Any CPU = Debug|Any CPU
		Release|Any CPU = Release|Any CPU
	EndGlobalSection
	GlobalSection(ProjectConfigurationPlatforms) = postSolution
		{8DD0165C-1054-4520-971A-CE8AF61DC61F}.Debug|Any CPU.ActiveCfg = Debug|Any CPU
		{8DD0165C-1054-4520-971A-CE8AF61DC61F}.Debug|Any CPU.Build.0 = Debug|Any CPU
		{8DD0165C-1054-4520-971A-CE8AF61DC61F}.Release|Any CPU.ActiveCfg = Release|Any CPU
		{8DD0165C-1054-4520-971A-CE8AF61DC61F}.Release|Any CPU.Build.0 = Release|Any CPU
	EndGlobalSection
	GlobalSection(SolutionProperties) = preSolution
		HideSolutionNode = FALSE
	EndGlobalSection
	GlobalSection(ExtensibilityGlobals) = postSolution
		SolutionGuid = {24D7E0FC-53AF-4335-A900-DA84A5F0EA1E}
	EndGlobalSection
EndGlobal
