
Microsoft Visual Studio Solution File, Format Version 12.00
# Visual Studio Version 17
VisualStudioVersion = 17.4.33403.182
MinimumVisualStudioVersion = 10.0.40219.1
Project("{FAE04EC0-301F-11D3-BF4B-00C04F79EFBC}") = "Level_1", "Level_1\Level_1.csproj", "{DDF35F20-6D4A-417A-9CFF-00620858CEE8}"
EndProject
Global
	GlobalSection(SolutionConfigurationPlatforms) = preSolution
		Debug|Any CPU = Debug|Any CPU
		Release|Any CPU = Release|Any CPU
	EndGlobalSection
	GlobalSection(ProjectConfigurationPlatforms) = postSolution
		{DDF35F20-6D4A-417A-9CFF-00620858CEE8}.Debug|Any CPU.ActiveCfg = Debug|Any CPU
		{DDF35F20-6D4A-417A-9CFF-00620858CEE8}.Debug|Any CPU.Build.0 = Debug|Any CPU
		{DDF35F20-6D4A-417A-9CFF-00620858CEE8}.Release|Any CPU.ActiveCfg = Release|Any CPU
		{DDF35F20-6D4A-417A-9CFF-00620858CEE8}.Release|Any CPU.Build.0 = Release|Any CPU
	EndGlobalSection
	GlobalSection(SolutionProperties) = preSolution
		HideSolutionNode = FALSE
	EndGlobalSection
	GlobalSection(ExtensibilityGlobals) = postSolution
		SolutionGuid = {D8E49A8B-1BB2-4461-B7A9-0BC111194DB2}
	EndGlobalSection
EndGlobal
